// !$*UTF8*$!
{
	archiveVersion = 1;
	classes = {
	};
	objectVersion = 50;
	objects = {

/* Begin PBXBuildFile section */
		A308D43924EF5ADE00ACF6D1 /* AppDelegate.swift in Sources */ = {isa = PBXBuildFile; fileRef = A308D43824EF5ADE00ACF6D1 /* AppDelegate.swift */; };
		A308D43D24EF5ADE00ACF6D1 /* ViewController.swift in Sources */ = {isa = PBXBuildFile; fileRef = A308D43C24EF5ADE00ACF6D1 /* ViewController.swift */; };
		A308D44024EF5ADE00ACF6D1 /* Main.storyboard in Resources */ = {isa = PBXBuildFile; fileRef = A308D43E24EF5ADE00ACF6D1 /* Main.storyboard */; };
		A308D44224EF5AE100ACF6D1 /* Assets.xcassets in Resources */ = {isa = PBXBuildFile; fileRef = A308D44124EF5AE100ACF6D1 /* Assets.xcassets */; };
		A308D44524EF5AE100ACF6D1 /* LaunchScreen.storyboard in Resources */ = {isa = PBXBuildFile; fileRef = A308D44324EF5AE100ACF6D1 /* LaunchScreen.storyboard */; };
		A308D44D24EF6DF900ACF6D1 /* ViewController2.storyboard in Resources */ = {isa = PBXBuildFile; fileRef = A308D44C24EF6DF900ACF6D1 /* ViewController2.storyboard */; };
		A308D44F24EF6E0300ACF6D1 /* ViewController2.swift in Sources */ = {isa = PBXBuildFile; fileRef = A308D44E24EF6E0300ACF6D1 /* ViewController2.swift */; };
		A39D001424EF920800A3BA99 /* ForceTouchable.swift in Sources */ = {isa = PBXBuildFile; fileRef = A39D001324EF920800A3BA99 /* ForceTouchable.swift */; };
		A39D001624EF922300A3BA99 /* Peekable.swift in Sources */ = {isa = PBXBuildFile; fileRef = A39D001524EF922300A3BA99 /* Peekable.swift */; };
		A39D001824EF926300A3BA99 /* ContextMenusShowable.swift in Sources */ = {isa = PBXBuildFile; fileRef = A39D001724EF926300A3BA99 /* ContextMenusShowable.swift */; };
		A39D001A24EF967A00A3BA99 /* ForceTouchableButton.swift in Sources */ = {isa = PBXBuildFile; fileRef = A39D001924EF967A00A3BA99 /* ForceTouchableButton.swift */; };
		A39D001C24EFA40700A3BA99 /* ForceTouchableView.swift in Sources */ = {isa = PBXBuildFile; fileRef = A39D001B24EFA40700A3BA99 /* ForceTouchableView.swift */; };
/* End PBXBuildFile section */

/* Begin PBXFileReference section */
		A308D43524EF5ADE00ACF6D1 /* PAndP.app */ = {isa = PBXFileReference; explicitFileType = wrapper.application; includeInIndex = 0; path = PAndP.app; sourceTree = BUILT_PRODUCTS_DIR; };
		A308D43824EF5ADE00ACF6D1 /* AppDelegate.swift */ = {isa = PBXFileReference; lastKnownFileType = sourcecode.swift; path = AppDelegate.swift; sourceTree = "<group>"; };
		A308D43C24EF5ADE00ACF6D1 /* ViewController.swift */ = {isa = PBXFileReference; lastKnownFileType = sourcecode.swift; path = ViewController.swift; sourceTree = "<group>"; };
		A308D43F24EF5ADE00ACF6D1 /* Base */ = {isa = PBXFileReference; lastKnownFileType = file.storyboard; name = Base; path = Base.lproj/Main.storyboard; sourceTree = "<group>"; };
		A308D44124EF5AE100ACF6D1 /* Assets.xcassets */ = {isa = PBXFileReference; lastKnownFileType = folder.assetcatalog; path = Assets.xcassets; sourceTree = "<group>"; };
		A308D44424EF5AE100ACF6D1 /* Base */ = {isa = PBXFileReference; lastKnownFileType = file.storyboard; name = Base; path = Base.lproj/LaunchScreen.storyboard; sourceTree = "<group>"; };
		A308D44624EF5AE100ACF6D1 /* Info.plist */ = {isa = PBXFileReference; lastKnownFileType = text.plist.xml; path = Info.plist; sourceTree = "<group>"; };
		A308D44C24EF6DF900ACF6D1 /* ViewController2.storyboard */ = {isa = PBXFileReference; lastKnownFileType = file.storyboard; path = ViewController2.storyboard; sourceTree = "<group>"; };
		A308D44E24EF6E0300ACF6D1 /* ViewController2.swift */ = {isa = PBXFileReference; lastKnownFileType = sourcecode.swift; path = ViewController2.swift; sourceTree = "<group>"; };
		A39D001324EF920800A3BA99 /* ForceTouchable.swift */ = {isa = PBXFileReference; lastKnownFileType = sourcecode.swift; path = ForceTouchable.swift; sourceTree = "<group>"; };
		A39D001524EF922300A3BA99 /* Peekable.swift */ = {isa = PBXFileReference; lastKnownFileType = sourcecode.swift; path = Peekable.swift; sourceTree = "<group>"; };
		A39D001724EF926300A3BA99 /* ContextMenusShowable.swift */ = {isa = PBXFileReference; lastKnownFileType = sourcecode.swift; path = ContextMenusShowable.swift; sourceTree = "<group>"; };
		A39D001924EF967A00A3BA99 /* ForceTouchableButton.swift */ = {isa = PBXFileReference; lastKnownFileType = sourcecode.swift; path = ForceTouchableButton.swift; sourceTree = "<group>"; };
		A39D001B24EFA40700A3BA99 /* ForceTouchableView.swift */ = {isa = PBXFileReference; lastKnownFileType = sourcecode.swift; path = ForceTouchableView.swift; sourceTree = "<group>"; };
/* End PBXFileReference section */

/* Begin PBXFrameworksBuildPhase section */
		A308D43224EF5ADE00ACF6D1 /* Frameworks */ = {
			isa = PBXFrameworksBuildPhase;
			buildActionMask = 2147483647;
			files = (
			);
			runOnlyForDeploymentPostprocessing = 0;
		};
/* End PBXFrameworksBuildPhase section */

/* Begin PBXGroup section */
		A308D42C24EF5ADE00ACF6D1 = {
			isa = PBXGroup;
			children = (
				A308D43724EF5ADE00ACF6D1 /* PAndP */,
				A308D43624EF5ADE00ACF6D1 /* Products */,
			);
			sourceTree = "<group>";
		};
		A308D43624EF5ADE00ACF6D1 /* Products */ = {
			isa = PBXGroup;
			children = (
				A308D43524EF5ADE00ACF6D1 /* PAndP.app */,
			);
			name = Products;
			sourceTree = "<group>";
		};
		A308D43724EF5ADE00ACF6D1 /* PAndP */ = {
			isa = PBXGroup;
			children = (
				A39D001224EF915300A3BA99 /* Protocols */,
				A308D43824EF5ADE00ACF6D1 /* AppDelegate.swift */,
				A308D44124EF5AE100ACF6D1 /* Assets.xcassets */,
				A308D44624EF5AE100ACF6D1 /* Info.plist */,
				A308D44324EF5AE100ACF6D1 /* LaunchScreen.storyboard */,
				A308D43E24EF5ADE00ACF6D1 /* Main.storyboard */,
				A308D43C24EF5ADE00ACF6D1 /* ViewController.swift */,
				A308D44C24EF6DF900ACF6D1 /* ViewController2.storyboard */,
				A308D44E24EF6E0300ACF6D1 /* ViewController2.swift */,
				A39D001924EF967A00A3BA99 /* ForceTouchableButton.swift */,
				A39D001B24EFA40700A3BA99 /* ForceTouchableView.swift */,
			);
			path = PAndP;
			sourceTree = "<group>";
		};
		A39D001224EF915300A3BA99 /* Protocols */ = {
			isa = PBXGroup;
			children = (
				A39D001324EF920800A3BA99 /* ForceTouchable.swift */,
				A39D001524EF922300A3BA99 /* Peekable.swift */,
				A39D001724EF926300A3BA99 /* ContextMenusShowable.swift */,
			);
			path = Protocols;
			sourceTree = "<group>";
		};
/* End PBXGroup section */

/* Begin PBXNativeTarget section */
		A308D43424EF5ADE00ACF6D1 /* PAndP */ = {
			isa = PBXNativeTarget;
			buildConfigurationList = A308D44924EF5AE100ACF6D1 /* Build configuration list for PBXNativeTarget "PAndP" */;
			buildPhases = (
				A308D43124EF5ADE00ACF6D1 /* Sources */,
				A308D43224EF5ADE00ACF6D1 /* Frameworks */,
				A308D43324EF5ADE00ACF6D1 /* Resources */,
			);
			buildRules = (
			);
			dependencies = (
			);
			name = PAndP;
			productName = PAndP;
			productReference = A308D43524EF5ADE00ACF6D1 /* PAndP.app */;
			productType = "com.apple.product-type.application";
		};
/* End PBXNativeTarget section */

/* Begin PBXProject section */
		A308D42D24EF5ADE00ACF6D1 /* Project object */ = {
			isa = PBXProject;
			attributes = {
				LastSwiftUpdateCheck = 1140;
				LastUpgradeCheck = 1140;
				ORGANIZATIONNAME = "Ryota Iwai";
				TargetAttributes = {
					A308D43424EF5ADE00ACF6D1 = {
						CreatedOnToolsVersion = 11.4;
					};
				};
			};
			buildConfigurationList = A308D43024EF5ADE00ACF6D1 /* Build configuration list for PBXProject "PAndP" */;
			compatibilityVersion = "Xcode 9.3";
			developmentRegion = en;
			hasScannedForEncodings = 0;
			knownRegions = (
				en,
				Base,
			);
			mainGroup = A308D42C24EF5ADE00ACF6D1;
			productRefGroup = A308D43624EF5ADE00ACF6D1 /* Products */;
			projectDirPath = "";
			projectRoot = "";
			targets = (
				A308D43424EF5ADE00ACF6D1 /* PAndP */,
			);
		};
/* End PBXProject section */

/* Begin PBXResourcesBuildPhase section */
		A308D43324EF5ADE00ACF6D1 /* Resources */ = {
			isa = PBXResourcesBuildPhase;
			buildActionMask = 2147483647;
			files = (
				A308D44524EF5AE100ACF6D1 /* LaunchScreen.storyboard in Resources */,
				A308D44224EF5AE100ACF6D1 /* Assets.xcassets in Resources */,
				A308D44D24EF6DF900ACF6D1 /* ViewController2.storyboard in Resources */,
				A308D44024EF5ADE00ACF6D1 /* Main.storyboard in Resources */,
			);
			runOnlyForDeploymentPostprocessing = 0;
		};
/* End PBXResourcesBuildPhase section */

/* Begin PBXSourcesBuildPhase section */
		A308D43124EF5ADE00ACF6D1 /* Sources */ = {
			isa = PBXSourcesBuildPhase;
			buildActionMask = 2147483647;
			files = (
				A308D43D24EF5ADE00ACF6D1 /* ViewController.swift in Sources */,
				A39D001424EF920800A3BA99 /* ForceTouchable.swift in Sources */,
				A39D001624EF922300A3BA99 /* Peekable.swift in Sources */,
				A39D001824EF926300A3BA99 /* ContextMenusShowable.swift in Sources */,
				A39D001C24EFA40700A3BA99 /* ForceTouchableView.swift in Sources */,
				A39D001A24EF967A00A3BA99 /* ForceTouchableButton.swift in Sources */,
				A308D43924EF5ADE00ACF6D1 /* AppDelegate.swift in Sources */,
				A308D44F24EF6E0300ACF6D1 /* ViewController2.swift in Sources */,
			);
			runOnlyForDeploymentPostprocessing = 0;
		};
/* End PBXSourcesBuildPhase section */

/* Begin PBXVariantGroup section */
		A308D43E24EF5ADE00ACF6D1 /* Main.storyboard */ = {
			isa = PBXVariantGroup;
			children = (
				A308D43F24EF5ADE00ACF6D1 /* Base */,
			);
			name = Main.storyboard;
			sourceTree = "<group>";
		};
		A308D44324EF5AE100ACF6D1 /* LaunchScreen.storyboard */ = {
			isa = PBXVariantGroup;
			children = (
				A308D44424EF5AE100ACF6D1 /* Base */,
			);
			name = LaunchScreen.storyboard;
			sourceTree = "<group>";
		};
/* End PBXVariantGroup section */

/* Begin XCBuildConfiguration section */
		A308D44724EF5AE100ACF6D1 /* Debug */ = {
			isa = XCBuildConfiguration;
			buildSettings = {
				ALWAYS_SEARCH_USER_PATHS = NO;
				CLANG_ANALYZER_NONNULL = YES;
				CLANG_ANALYZER_NUMBER_OBJECT_CONVERSION = YES_AGGRESSIVE;
				CLANG_CXX_LANGUAGE_STANDARD = "gnu++14";
				CLANG_CXX_LIBRARY = "libc++";
				CLANG_ENABLE_MODULES = YES;
				CLANG_ENABLE_OBJC_ARC = YES;
				CLANG_ENABLE_OBJC_WEAK = YES;
				CLANG_WARN_BLOCK_CAPTURE_AUTORELEASING = YES;
				CLANG_WARN_BOOL_CONVERSION = YES;
				CLANG_WARN_COMMA = YES;
				CLANG_WARN_CONSTANT_CONVERSION = YES;
				CLANG_WARN_DEPRECATED_OBJC_IMPLEMENTATIONS = YES;
				CLANG_WARN_DIRECT_OBJC_ISA_USAGE = YES_ERROR;
				CLANG_WARN_DOCUMENTATION_COMMENTS = YES;
				CLANG_WARN_EMPTY_BODY = YES;
				CLANG_WARN_ENUM_CONVERSION = YES;
				CLANG_WARN_INFINITE_RECURSION = YES;
				CLANG_WARN_INT_CONVERSION = YES;
				CLANG_WARN_NON_LITERAL_NULL_CONVERSION = YES;
				CLANG_WARN_OBJC_IMPLICIT_RETAIN_SELF = YES;
				CLANG_WARN_OBJC_LITERAL_CONVERSION = YES;
				CLANG_WARN_OBJC_ROOT_CLASS = YES_ERROR;
				CLANG_WARN_RANGE_LOOP_ANALYSIS = YES;
				CLANG_WARN_STRICT_PROTOTYPES = YES;
				CLANG_WARN_SUSPICIOUS_MOVE = YES;
				CLANG_WARN_UNGUARDED_AVAILABILITY = YES_AGGRESSIVE;
				CLANG_WARN_UNREACHABLE_CODE = YES;
				CLANG_WARN__DUPLICATE_METHOD_MATCH = YES;
				COPY_PHASE_STRIP = NO;
				DEBUG_INFORMATION_FORMAT = dwarf;
				ENABLE_STRICT_OBJC_MSGSEND = YES;
				ENABLE_TESTABILITY = YES;
				GCC_C_LANGUAGE_STANDARD = gnu11;
				GCC_DYNAMIC_NO_PIC = NO;
				GCC_NO_COMMON_BLOCKS = YES;
				GCC_OPTIMIZATION_LEVEL = 0;
				GCC_PREPROCESSOR_DEFINITIONS = (
					"DEBUG=1",
					"$(inherited)",
				);
				GCC_WARN_64_TO_32_BIT_CONVERSION = YES;
				GCC_WARN_ABOUT_RETURN_TYPE = YES_ERROR;
				GCC_WARN_UNDECLARED_SELECTOR = YES;
				GCC_WARN_UNINITIALIZED_AUTOS = YES_AGGRESSIVE;
				GCC_WARN_UNUSED_FUNCTION = YES;
				GCC_WARN_UNUSED_VARIABLE = YES;
				IPHONEOS_DEPLOYMENT_TARGET = 10.3;
				MTL_ENABLE_DEBUG_INFO = INCLUDE_SOURCE;
				MTL_FAST_MATH = YES;
				ONLY_ACTIVE_ARCH = YES;
				SDKROOT = iphoneos;
				SWIFT_ACTIVE_COMPILATION_CONDITIONS = DEBUG;
				SWIFT_OPTIMIZATION_LEVEL = "-Onone";
			};
			name = Debug;
		};
		A308D44824EF5AE100ACF6D1 /* Release */ = {
			isa = XCBuildConfiguration;
			buildSettings = {
				ALWAYS_SEARCH_USER_PATHS = NO;
				CLANG_ANALYZER_NONNULL = YES;
				CLANG_ANALYZER_NUMBER_OBJECT_CONVERSION = YES_AGGRESSIVE;
				CLANG_CXX_LANGUAGE_STANDARD = "gnu++14";
				CLANG_CXX_LIBRARY = "libc++";
				CLANG_ENABLE_MODULES = YES;
				CLANG_ENABLE_OBJC_ARC = YES;
				CLANG_ENABLE_OBJC_WEAK = YES;
				CLANG_WARN_BLOCK_CAPTURE_AUTORELEASING = YES;
				CLANG_WARN_BOOL_CONVERSION = YES;
				CLANG_WARN_COMMA = YES;
				CLANG_WARN_CONSTANT_CONVERSION = YES;
				CLANG_WARN_DEPRECATED_OBJC_IMPLEMENTATIONS = YES;
				CLANG_WARN_DIRECT_OBJC_ISA_USAGE = YES_ERROR;
				CLANG_WARN_DOCUMENTATION_COMMENTS = YES;
				CLANG_WARN_EMPTY_BODY = YES;
				CLANG_WARN_ENUM_CONVERSION = YES;
				CLANG_WARN_INFINITE_RECURSION = YES;
				CLANG_WARN_INT_CONVERSION = YES;
				CLANG_WARN_NON_LITERAL_NULL_CONVERSION = YES;
				CLANG_WARN_OBJC_IMPLICIT_RETAIN_SELF = YES;
				CLANG_WARN_OBJC_LITERAL_CONVERSION = YES;
				CLANG_WARN_OBJC_ROOT_CLASS = YES_ERROR;
				CLANG_WARN_RANGE_LOOP_ANALYSIS = YES;
				CLANG_WARN_STRICT_PROTOTYPES = YES;
				CLANG_WARN_SUSPICIOUS_MOVE = YES;
				CLANG_WARN_UNGUARDED_AVAILABILITY = YES_AGGRESSIVE;
				CLANG_WARN_UNREACHABLE_CODE = YES;
				CLANG_WARN__DUPLICATE_METHOD_MATCH = YES;
				COPY_PHASE_STRIP = NO;
				DEBUG_INFORMATION_FORMAT = "dwarf-with-dsym";
				ENABLE_NS_ASSERTIONS = NO;
				ENABLE_STRICT_OBJC_MSGSEND = YES;
				GCC_C_LANGUAGE_STANDARD = gnu11;
				GCC_NO_COMMON_BLOCKS = YES;
				GCC_WARN_64_TO_32_BIT_CONVERSION = YES;
				GCC_WARN_ABOUT_RETURN_TYPE = YES_ERROR;
				GCC_WARN_UNDECLARED_SELECTOR = YES;
				GCC_WARN_UNINITIALIZED_AUTOS = YES_AGGRESSIVE;
				GCC_WARN_UNUSED_FUNCTION = YES;
				GCC_WARN_UNUSED_VARIABLE = YES;
				IPHONEOS_DEPLOYMENT_TARGET = 10.3;
				MTL_ENABLE_DEBUG_INFO = NO;
				MTL_FAST_MATH = YES;
				SDKROOT = iphoneos;
				SWIFT_COMPILATION_MODE = wholemodule;
				SWIFT_OPTIMIZATION_LEVEL = "-O";
				VALIDATE_PRODUCT = YES;
			};
			name = Release;
		};
		A308D44A24EF5AE100ACF6D1 /* Debug */ = {
			isa = XCBuildConfiguration;
			buildSettings = {
				ASSETCATALOG_COMPILER_APPICON_NAME = AppIcon;
				CODE_SIGN_STYLE = Automatic;
				DEVELOPMENT_TEAM = THJAP9W244;
				INFOPLIST_FILE = PAndP/Info.plist;
				LD_RUNPATH_SEARCH_PATHS = (
					"$(inherited)",
					"@executable_path/Frameworks",
				);
				PRODUCT_BUNDLE_IDENTIFIER = jp.esds.PAndP;
				PRODUCT_NAME = "$(TARGET_NAME)";
				SWIFT_VERSION = 5.0;
				TARGETED_DEVICE_FAMILY = 1;
			};
			name = Debug;
		};
		A308D44B24EF5AE100ACF6D1 /* Release */ = {
			isa = XCBuildConfiguration;
			buildSettings = {
				ASSETCATALOG_COMPILER_APPICON_NAME = AppIcon;
				CODE_SIGN_STYLE = Automatic;
				DEVELOPMENT_TEAM = THJAP9W244;
				INFOPLIST_FILE = PAndP/Info.plist;
				LD_RUNPATH_SEARCH_PATHS = (
					"$(inherited)",
					"@executable_path/Frameworks",
				);
				PRODUCT_BUNDLE_IDENTIFIER = jp.esds.PAndP;
				PRODUCT_NAME = "$(TARGET_NAME)";
				SWIFT_VERSION = 5.0;
				TARGETED_DEVICE_FAMILY = 1;
			};
			name = Release;
		};
/* End XCBuildConfiguration section */

/* Begin XCConfigurationList section */
		A308D43024EF5ADE00ACF6D1 /* Build configuration list for PBXProject "PAndP" */ = {
			isa = XCConfigurationList;
			buildConfigurations = (
				A308D44724EF5AE100ACF6D1 /* Debug */,
				A308D44824EF5AE100ACF6D1 /* Release */,
			);
			defaultConfigurationIsVisible = 0;
			defaultConfigurationName = Release;
		};
		A308D44924EF5AE100ACF6D1 /* Build configuration list for PBXNativeTarget "PAndP" */ = {
			isa = XCConfigurationList;
			buildConfigurations = (
				A308D44A24EF5AE100ACF6D1 /* Debug */,
				A308D44B24EF5AE100ACF6D1 /* Release */,
			);
			defaultConfigurationIsVisible = 0;
			defaultConfigurationName = Release;
		};
/* End XCConfigurationList section */
	};
	rootObject = A308D42D24EF5ADE00ACF6D1 /* Project object */;
}
